
Microsoft Visual Studio Solution File, Format Version 12.00
# Visual Studio Version 17
VisualStudioVersion = 17.3.32804.467
MinimumVisualStudioVersion = 10.0.40219.1
Project("{FAE04EC0-301F-11D3-BF4B-00C04F79EFBC}") = "IdesseCardTypes", "IdesseCardTypes\IdesseCardTypes.csproj", "{1E36D851-4FCF-4CC5-B93E-C968D9FD7FA7}"
EndProject
Global
	GlobalSection(SolutionConfigurationPlatforms) = preSolution
		Debug|Any CPU = Debug|Any CPU
		Release|Any CPU = Release|Any CPU
	EndGlobalSection
	GlobalSection(ProjectConfigurationPlatforms) = postSolution
		{1E36D851-4FCF-4CC5-B93E-C968D9FD7FA7}.Debug|Any CPU.ActiveCfg = Debug|Any CPU
		{1E36D851-4FCF-4CC5-B93E-C968D9FD7FA7}.Debug|Any CPU.Build.0 = Debug|Any CPU
		{1E36D851-4FCF-4CC5-B93E-C968D9FD7FA7}.Release|Any CPU.ActiveCfg = Release|Any CPU
		{1E36D851-4FCF-4CC5-B93E-C968D9FD7FA7}.Release|Any CPU.Build.0 = Release|Any CPU
	EndGlobalSection
	GlobalSection(SolutionProperties) = preSolution
		HideSolutionNode = FALSE
	EndGlobalSection
	GlobalSection(ExtensibilityGlobals) = postSolution
		SolutionGuid = {854E0D78-28EA-40ED-A99C-A47E0979FEA8}
	EndGlobalSection
EndGlobal
